{
 "graph_lock": {
  "nodes": {
   "0": {
    "options": "fmt:fPIC=True\nfmt:header_only=False\nfmt:shared=False\nfmt:with_fmt_alias=False\nfmt:with_os_api=True",
    "requires": [
     "1"
    ],
    "path": "../conanfile.txt",
    "context": "host"
   },
   "1": {
    "ref": "fmt/9.1.0",
    "options": "fPIC=True\nheader_only=False\nshared=False\nwith_fmt_alias=False\nwith_os_api=True",
    "package_id": "36c5ecd9dc0fe3aca80f3c2eea6cbe540e8bf2b5",
    "prev": "0",
    "modified": true,
    "context": "host"
   }
  },
  "revisions_enabled": false
 },
 "version": "0.4",
 "profile_host": "[settings]\narch=armv8\nbuild_type=Release\ncompiler=gcc\ncompiler.libcxx=libstdc++11\ncompiler.version=7.3\nos=Linux\n[options]\n[build_requires]\n[env]\nAR=aarch64-linux-gnu-ar\nAS=aarch64-linux-gnu-as\nCC=aarch64-linux-gnu-gcc\nCHOST=aarch64-linux-gnu\nCXX=aarch64-linux-gnu-g++\nLD=aarch64-linux-gnu-ld\nPATH=[/usr/local/arm64/gcc-linaro-7.3.1-2018.05-x86_64_aarch64-linux-gnu/bin]\nRANLIB=aarch64-linux-gnu-ranlib\nSTRIP=aarch64-linux-gnu-strip"
}